// !$*UTF8*$!
{
	archiveVersion = 1;
	classes = {
	};
	objectVersion = 55;
	objects = {

/* Begin PBXBuildFile section */
		847F019E2B46355700CAF9FF /* swiftDemoApp.swift in Sources */ = {isa = PBXBuildFile; fileRef = 847F019D2B46355700CAF9FF /* swiftDemoApp.swift */; };
		847F01A02B46355700CAF9FF /* ContentView.swift in Sources */ = {isa = PBXBuildFile; fileRef = 847F019F2B46355700CAF9FF /* ContentView.swift */; };
		847F01A22B46355C00CAF9FF /* Assets.xcassets in Resources */ = {isa = PBXBuildFile; fileRef = 847F01A12B46355C00CAF9FF /* Assets.xcassets */; };
		847F01A52B46355C00CAF9FF /* Preview Assets.xcassets in Resources */ = {isa = PBXBuildFile; fileRef = 847F01A42B46355C00CAF9FF /* Preview Assets.xcassets */; };
		847F01A72B46355C00CAF9FF /* Persistence.swift in Sources */ = {isa = PBXBuildFile; fileRef = 847F01A62B46355C00CAF9FF /* Persistence.swift */; };
		847F01AA2B46355C00CAF9FF /* swiftDemo.xcdatamodeld in Sources */ = {isa = PBXBuildFile; fileRef = 847F01A82B46355C00CAF9FF /* swiftDemo.xcdatamodeld */; };
		847F01B42B46355C00CAF9FF /* swiftDemoTests.swift in Sources */ = {isa = PBXBuildFile; fileRef = 847F01B32B46355C00CAF9FF /* swiftDemoTests.swift */; };
		847F01BE2B46355D00CAF9FF /* swiftDemoUITests.swift in Sources */ = {isa = PBXBuildFile; fileRef = 847F01BD2B46355D00CAF9FF /* swiftDemoUITests.swift */; };
		847F01C02B46355D00CAF9FF /* swiftDemoUITestsLaunchTests.swift in Sources */ = {isa = PBXBuildFile; fileRef = 847F01BF2B46355D00CAF9FF /* swiftDemoUITestsLaunchTests.swift */; };
/* End PBXBuildFile section */

/* Begin PBXContainerItemProxy section */
		847F01B02B46355C00CAF9FF /* PBXContainerItemProxy */ = {
			isa = PBXContainerItemProxy;
			containerPortal = 847F01922B46355700CAF9FF /* Project object */;
			proxyType = 1;
			remoteGlobalIDString = 847F01992B46355700CAF9FF;
			remoteInfo = swiftDemo;
		};
		847F01BA2B46355D00CAF9FF /* PBXContainerItemProxy */ = {
			isa = PBXContainerItemProxy;
			containerPortal = 847F01922B46355700CAF9FF /* Project object */;
			proxyType = 1;
			remoteGlobalIDString = 847F01992B46355700CAF9FF;
			remoteInfo = swiftDemo;
		};
/* End PBXContainerItemProxy section */

/* Begin PBXFileReference section */
		847F019A2B46355700CAF9FF /* swiftDemo.app */ = {isa = PBXFileReference; explicitFileType = wrapper.application; includeInIndex = 0; path = swiftDemo.app; sourceTree = BUILT_PRODUCTS_DIR; };
		847F019D2B46355700CAF9FF /* swiftDemoApp.swift */ = {isa = PBXFileReference; lastKnownFileType = sourcecode.swift; path = swiftDemoApp.swift; sourceTree = "<group>"; };
		847F019F2B46355700CAF9FF /* ContentView.swift */ = {isa = PBXFileReference; lastKnownFileType = sourcecode.swift; path = ContentView.swift; sourceTree = "<group>"; };
		847F01A12B46355C00CAF9FF /* Assets.xcassets */ = {isa = PBXFileReference; lastKnownFileType = folder.assetcatalog; path = Assets.xcassets; sourceTree = "<group>"; };
		847F01A42B46355C00CAF9FF /* Preview Assets.xcassets */ = {isa = PBXFileReference; lastKnownFileType = folder.assetcatalog; path = "Preview Assets.xcassets"; sourceTree = "<group>"; };
		847F01A62B46355C00CAF9FF /* Persistence.swift */ = {isa = PBXFileReference; lastKnownFileType = sourcecode.swift; path = Persistence.swift; sourceTree = "<group>"; };
		847F01A92B46355C00CAF9FF /* swiftDemo.xcdatamodel */ = {isa = PBXFileReference; lastKnownFileType = wrapper.xcdatamodel; path = swiftDemo.xcdatamodel; sourceTree = "<group>"; };
		847F01AF2B46355C00CAF9FF /* swiftDemoTests.xctest */ = {isa = PBXFileReference; explicitFileType = wrapper.cfbundle; includeInIndex = 0; path = swiftDemoTests.xctest; sourceTree = BUILT_PRODUCTS_DIR; };
		847F01B32B46355C00CAF9FF /* swiftDemoTests.swift */ = {isa = PBXFileReference; lastKnownFileType = sourcecode.swift; path = swiftDemoTests.swift; sourceTree = "<group>"; };
		847F01B92B46355D00CAF9FF /* swiftDemoUITests.xctest */ = {isa = PBXFileReference; explicitFileType = wrapper.cfbundle; includeInIndex = 0; path = swiftDemoUITests.xctest; sourceTree = BUILT_PRODUCTS_DIR; };
		847F01BD2B46355D00CAF9FF /* swiftDemoUITests.swift */ = {isa = PBXFileReference; lastKnownFileType = sourcecode.swift; path = swiftDemoUITests.swift; sourceTree = "<group>"; };
		847F01BF2B46355D00CAF9FF /* swiftDemoUITestsLaunchTests.swift */ = {isa = PBXFileReference; lastKnownFileType = sourcecode.swift; path = swiftDemoUITestsLaunchTests.swift; sourceTree = "<group>"; };
/* End PBXFileReference section */

/* Begin PBXFrameworksBuildPhase section */
		847F01972B46355700CAF9FF /* Frameworks */ = {
			isa = PBXFrameworksBuildPhase;
			buildActionMask = 2147483647;
			files = (
			);
			runOnlyForDeploymentPostprocessing = 0;
		};
		847F01AC2B46355C00CAF9FF /* Frameworks */ = {
			isa = PBXFrameworksBuildPhase;
			buildActionMask = 2147483647;
			files = (
			);
			runOnlyForDeploymentPostprocessing = 0;
		};
		847F01B62B46355D00CAF9FF /* Frameworks */ = {
			isa = PBXFrameworksBuildPhase;
			buildActionMask = 2147483647;
			files = (
			);
			runOnlyForDeploymentPostprocessing = 0;
		};
/* End PBXFrameworksBuildPhase section */

/* Begin PBXGroup section */
		847F01912B46355700CAF9FF = {
			isa = PBXGroup;
			children = (
				847F019C2B46355700CAF9FF /* swiftDemo */,
				847F01B22B46355C00CAF9FF /* swiftDemoTests */,
				847F01BC2B46355D00CAF9FF /* swiftDemoUITests */,
				847F019B2B46355700CAF9FF /* Products */,
			);
			sourceTree = "<group>";
		};
		847F019B2B46355700CAF9FF /* Products */ = {
			isa = PBXGroup;
			children = (
				847F019A2B46355700CAF9FF /* swiftDemo.app */,
				847F01AF2B46355C00CAF9FF /* swiftDemoTests.xctest */,
				847F01B92B46355D00CAF9FF /* swiftDemoUITests.xctest */,
			);
			name = Products;
			sourceTree = "<group>";
		};
		847F019C2B46355700CAF9FF /* swiftDemo */ = {
			isa = PBXGroup;
			children = (
				847F019D2B46355700CAF9FF /* swiftDemoApp.swift */,
				847F019F2B46355700CAF9FF /* ContentView.swift */,
				847F01A12B46355C00CAF9FF /* Assets.xcassets */,
				847F01A62B46355C00CAF9FF /* Persistence.swift */,
				847F01A82B46355C00CAF9FF /* swiftDemo.xcdatamodeld */,
				847F01A32B46355C00CAF9FF /* Preview Content */,
			);
			path = swiftDemo;
			sourceTree = "<group>";
		};
		847F01A32B46355C00CAF9FF /* Preview Content */ = {
			isa = PBXGroup;
			children = (
				847F01A42B46355C00CAF9FF /* Preview Assets.xcassets */,
			);
			path = "Preview Content";
			sourceTree = "<group>";
		};
		847F01B22B46355C00CAF9FF /* swiftDemoTests */ = {
			isa = PBXGroup;
			children = (
				847F01B32B46355C00CAF9FF /* swiftDemoTests.swift */,
			);
			path = swiftDemoTests;
			sourceTree = "<group>";
		};
		847F01BC2B46355D00CAF9FF /* swiftDemoUITests */ = {
			isa = PBXGroup;
			children = (
				847F01BD2B46355D00CAF9FF /* swiftDemoUITests.swift */,
				847F01BF2B46355D00CAF9FF /* swiftDemoUITestsLaunchTests.swift */,
			);
			path = swiftDemoUITests;
			sourceTree = "<group>";
		};
/* End PBXGroup section */

/* Begin PBXNativeTarget section */
		847F01992B46355700CAF9FF /* swiftDemo */ = {
			isa = PBXNativeTarget;
			buildConfigurationList = 847F01C32B46355D00CAF9FF /* Build configuration list for PBXNativeTarget "swiftDemo" */;
			buildPhases = (
				847F01962B46355700CAF9FF /* Sources */,
				847F01972B46355700CAF9FF /* Frameworks */,
				847F01982B46355700CAF9FF /* Resources */,
			);
			buildRules = (
			);
			dependencies = (
			);
			name = swiftDemo;
			productName = swiftDemo;
			productReference = 847F019A2B46355700CAF9FF /* swiftDemo.app */;
			productType = "com.apple.product-type.application";
		};
		847F01AE2B46355C00CAF9FF /* swiftDemoTests */ = {
			isa = PBXNativeTarget;
			buildConfigurationList = 847F01C62B46355D00CAF9FF /* Build configuration list for PBXNativeTarget "swiftDemoTests" */;
			buildPhases = (
				847F01AB2B46355C00CAF9FF /* Sources */,
				847F01AC2B46355C00CAF9FF /* Frameworks */,
				847F01AD2B46355C00CAF9FF /* Resources */,
			);
			buildRules = (
			);
			dependencies = (
				847F01B12B46355C00CAF9FF /* PBXTargetDependency */,
			);
			name = swiftDemoTests;
			productName = swiftDemoTests;
			productReference = 847F01AF2B46355C00CAF9FF /* swiftDemoTests.xctest */;
			productType = "com.apple.product-type.bundle.unit-test";
		};
		847F01B82B46355D00CAF9FF /* swiftDemoUITests */ = {
			isa = PBXNativeTarget;
			buildConfigurationList = 847F01C92B46355D00CAF9FF /* Build configuration list for PBXNativeTarget "swiftDemoUITests" */;
			buildPhases = (
				847F01B52B46355D00CAF9FF /* Sources */,
				847F01B62B46355D00CAF9FF /* Frameworks */,
				847F01B72B46355D00CAF9FF /* Resources */,
			);
			buildRules = (
			);
			dependencies = (
				847F01BB2B46355D00CAF9FF /* PBXTargetDependency */,
			);
			name = swiftDemoUITests;
			productName = swiftDemoUITests;
			productReference = 847F01B92B46355D00CAF9FF /* swiftDemoUITests.xctest */;
			productType = "com.apple.product-type.bundle.ui-testing";
		};
/* End PBXNativeTarget section */

/* Begin PBXProject section */
		847F01922B46355700CAF9FF /* Project object */ = {
			isa = PBXProject;
			attributes = {
				BuildIndependentTargetsInParallel = 1;
				LastSwiftUpdateCheck = 1340;
				LastUpgradeCheck = 1340;
				TargetAttributes = {
					847F01992B46355700CAF9FF = {
						CreatedOnToolsVersion = 13.4.1;
					};
					847F01AE2B46355C00CAF9FF = {
						CreatedOnToolsVersion = 13.4.1;
						TestTargetID = 847F01992B46355700CAF9FF;
					};
					847F01B82B46355D00CAF9FF = {
						CreatedOnToolsVersion = 13.4.1;
						TestTargetID = 847F01992B46355700CAF9FF;
					};
				};
			};
			buildConfigurationList = 847F01952B46355700CAF9FF /* Build configuration list for PBXProject "swiftDemo" */;
			compatibilityVersion = "Xcode 13.0";
			developmentRegion = en;
			hasScannedForEncodings = 0;
			knownRegions = (
				en,
				Base,
			);
			mainGroup = 847F01912B46355700CAF9FF;
			productRefGroup = 847F019B2B46355700CAF9FF /* Products */;
			projectDirPath = "";
			projectRoot = "";
			targets = (
				847F01992B46355700CAF9FF /* swiftDemo */,
				847F01AE2B46355C00CAF9FF /* swiftDemoTests */,
				847F01B82B46355D00CAF9FF /* swiftDemoUITests */,
			);
		};
/* End PBXProject section */

/* Begin PBXResourcesBuildPhase section */
		847F01982B46355700CAF9FF /* Resources */ = {
			isa = PBXResourcesBuildPhase;
			buildActionMask = 2147483647;
			files = (
				847F01A52B46355C00CAF9FF /* Preview Assets.xcassets in Resources */,
				847F01A22B46355C00CAF9FF /* Assets.xcassets in Resources */,
			);
			runOnlyForDeploymentPostprocessing = 0;
		};
		847F01AD2B46355C00CAF9FF /* Resources */ = {
			isa = PBXResourcesBuildPhase;
			buildActionMask = 2147483647;
			files = (
			);
			runOnlyForDeploymentPostprocessing = 0;
		};
		847F01B72B46355D00CAF9FF /* Resources */ = {
			isa = PBXResourcesBuildPhase;
			buildActionMask = 2147483647;
			files = (
			);
			runOnlyForDeploymentPostprocessing = 0;
		};
/* End PBXResourcesBuildPhase section */

/* Begin PBXSourcesBuildPhase section */
		847F01962B46355700CAF9FF /* Sources */ = {
			isa = PBXSourcesBuildPhase;
			buildActionMask = 2147483647;
			files = (
				847F01AA2B46355C00CAF9FF /* swiftDemo.xcdatamodeld in Sources */,
				847F01A72B46355C00CAF9FF /* Persistence.swift in Sources */,
				847F01A02B46355700CAF9FF /* ContentView.swift in Sources */,
				847F019E2B46355700CAF9FF /* swiftDemoApp.swift in Sources */,
			);
			runOnlyForDeploymentPostprocessing = 0;
		};
		847F01AB2B46355C00CAF9FF /* Sources */ = {
			isa = PBXSourcesBuildPhase;
			buildActionMask = 2147483647;
			files = (
				847F01B42B46355C00CAF9FF /* swiftDemoTests.swift in Sources */,
			);
			runOnlyForDeploymentPostprocessing = 0;
		};
		847F01B52B46355D00CAF9FF /* Sources */ = {
			isa = PBXSourcesBuildPhase;
			buildActionMask = 2147483647;
			files = (
				847F01BE2B46355D00CAF9FF /* swiftDemoUITests.swift in Sources */,
				847F01C02B46355D00CAF9FF /* swiftDemoUITestsLaunchTests.swift in Sources */,
			);
			runOnlyForDeploymentPostprocessing = 0;
		};
/* End PBXSourcesBuildPhase section */

/* Begin PBXTargetDependency section */
		847F01B12B46355C00CAF9FF /* PBXTargetDependency */ = {
			isa = PBXTargetDependency;
			target = 847F01992B46355700CAF9FF /* swiftDemo */;
			targetProxy = 847F01B02B46355C00CAF9FF /* PBXContainerItemProxy */;
		};
		847F01BB2B46355D00CAF9FF /* PBXTargetDependency */ = {
			isa = PBXTargetDependency;
			target = 847F01992B46355700CAF9FF /* swiftDemo */;
			targetProxy = 847F01BA2B46355D00CAF9FF /* PBXContainerItemProxy */;
		};
/* End PBXTargetDependency section */

/* Begin XCBuildConfiguration section */
		847F01C12B46355D00CAF9FF /* Debug */ = {
			isa = XCBuildConfiguration;
			buildSettings = {
				ALWAYS_SEARCH_USER_PATHS = NO;
				CLANG_ANALYZER_NONNULL = YES;
				CLANG_ANALYZER_NUMBER_OBJECT_CONVERSION = YES_AGGRESSIVE;
				CLANG_CXX_LANGUAGE_STANDARD = "gnu++17";
				CLANG_ENABLE_MODULES = YES;
				CLANG_ENABLE_OBJC_ARC = YES;
				CLANG_ENABLE_OBJC_WEAK = YES;
				CLANG_WARN_BLOCK_CAPTURE_AUTORELEASING = YES;
				CLANG_WARN_BOOL_CONVERSION = YES;
				CLANG_WARN_COMMA = YES;
				CLANG_WARN_CONSTANT_CONVERSION = YES;
				CLANG_WARN_DEPRECATED_OBJC_IMPLEMENTATIONS = YES;
				CLANG_WARN_DIRECT_OBJC_ISA_USAGE = YES_ERROR;
				CLANG_WARN_DOCUMENTATION_COMMENTS = YES;
				CLANG_WARN_EMPTY_BODY = YES;
				CLANG_WARN_ENUM_CONVERSION = YES;
				CLANG_WARN_INFINITE_RECURSION = YES;
				CLANG_WARN_INT_CONVERSION = YES;
				CLANG_WARN_NON_LITERAL_NULL_CONVERSION = YES;
				CLANG_WARN_OBJC_IMPLICIT_RETAIN_SELF = YES;
				CLANG_WARN_OBJC_LITERAL_CONVERSION = YES;
				CLANG_WARN_OBJC_ROOT_CLASS = YES_ERROR;
				CLANG_WARN_QUOTED_INCLUDE_IN_FRAMEWORK_HEADER = YES;
				CLANG_WARN_RANGE_LOOP_ANALYSIS = YES;
				CLANG_WARN_STRICT_PROTOTYPES = YES;
				CLANG_WARN_SUSPICIOUS_MOVE = YES;
				CLANG_WARN_UNGUARDED_AVAILABILITY = YES_AGGRESSIVE;
				CLANG_WARN_UNREACHABLE_CODE = YES;
				CLANG_WARN__DUPLICATE_METHOD_MATCH = YES;
				COPY_PHASE_STRIP = NO;
				DEBUG_INFORMATION_FORMAT = dwarf;
				ENABLE_STRICT_OBJC_MSGSEND = YES;
				ENABLE_TESTABILITY = YES;
				GCC_C_LANGUAGE_STANDARD = gnu11;
				GCC_DYNAMIC_NO_PIC = NO;
				GCC_NO_COMMON_BLOCKS = YES;
				GCC_OPTIMIZATION_LEVEL = 0;
				GCC_PREPROCESSOR_DEFINITIONS = (
					"DEBUG=1",
					"$(inherited)",
				);
				GCC_WARN_64_TO_32_BIT_CONVERSION = YES;
				GCC_WARN_ABOUT_RETURN_TYPE = YES_ERROR;
				GCC_WARN_UNDECLARED_SELECTOR = YES;
				GCC_WARN_UNINITIALIZED_AUTOS = YES_AGGRESSIVE;
				GCC_WARN_UNUSED_FUNCTION = YES;
				GCC_WARN_UNUSED_VARIABLE = YES;
				IPHONEOS_DEPLOYMENT_TARGET = 15.5;
				MTL_ENABLE_DEBUG_INFO = INCLUDE_SOURCE;
				MTL_FAST_MATH = YES;
				ONLY_ACTIVE_ARCH = YES;
				SDKROOT = iphoneos;
				SWIFT_ACTIVE_COMPILATION_CONDITIONS = DEBUG;
				SWIFT_OPTIMIZATION_LEVEL = "-Onone";
			};
			name = Debug;
		};
		847F01C22B46355D00CAF9FF /* Release */ = {
			isa = XCBuildConfiguration;
			buildSettings = {
				ALWAYS_SEARCH_USER_PATHS = NO;
				CLANG_ANALYZER_NONNULL = YES;
				CLANG_ANALYZER_NUMBER_OBJECT_CONVERSION = YES_AGGRESSIVE;
				CLANG_CXX_LANGUAGE_STANDARD = "gnu++17";
				CLANG_ENABLE_MODULES = YES;
				CLANG_ENABLE_OBJC_ARC = YES;
				CLANG_ENABLE_OBJC_WEAK = YES;
				CLANG_WARN_BLOCK_CAPTURE_AUTORELEASING = YES;
				CLANG_WARN_BOOL_CONVERSION = YES;
				CLANG_WARN_COMMA = YES;
				CLANG_WARN_CONSTANT_CONVERSION = YES;
				CLANG_WARN_DEPRECATED_OBJC_IMPLEMENTATIONS = YES;
				CLANG_WARN_DIRECT_OBJC_ISA_USAGE = YES_ERROR;
				CLANG_WARN_DOCUMENTATION_COMMENTS = YES;
				CLANG_WARN_EMPTY_BODY = YES;
				CLANG_WARN_ENUM_CONVERSION = YES;
				CLANG_WARN_INFINITE_RECURSION = YES;
				CLANG_WARN_INT_CONVERSION = YES;
				CLANG_WARN_NON_LITERAL_NULL_CONVERSION = YES;
				CLANG_WARN_OBJC_IMPLICIT_RETAIN_SELF = YES;
				CLANG_WARN_OBJC_LITERAL_CONVERSION = YES;
				CLANG_WARN_OBJC_ROOT_CLASS = YES_ERROR;
				CLANG_WARN_QUOTED_INCLUDE_IN_FRAMEWORK_HEADER = YES;
				CLANG_WARN_RANGE_LOOP_ANALYSIS = YES;
				CLANG_WARN_STRICT_PROTOTYPES = YES;
				CLANG_WARN_SUSPICIOUS_MOVE = YES;
				CLANG_WARN_UNGUARDED_AVAILABILITY = YES_AGGRESSIVE;
				CLANG_WARN_UNREACHABLE_CODE = YES;
				CLANG_WARN__DUPLICATE_METHOD_MATCH = YES;
				COPY_PHASE_STRIP = NO;
				DEBUG_INFORMATION_FORMAT = "dwarf-with-dsym";
				ENABLE_NS_ASSERTIONS = NO;
				ENABLE_STRICT_OBJC_MSGSEND = YES;
				GCC_C_LANGUAGE_STANDARD = gnu11;
				GCC_NO_COMMON_BLOCKS = YES;
				GCC_WARN_64_TO_32_BIT_CONVERSION = YES;
				GCC_WARN_ABOUT_RETURN_TYPE = YES_ERROR;
				GCC_WARN_UNDECLARED_SELECTOR = YES;
				GCC_WARN_UNINITIALIZED_AUTOS = YES_AGGRESSIVE;
				GCC_WARN_UNUSED_FUNCTION = YES;
				GCC_WARN_UNUSED_VARIABLE = YES;
				IPHONEOS_DEPLOYMENT_TARGET = 15.5;
				MTL_ENABLE_DEBUG_INFO = NO;
				MTL_FAST_MATH = YES;
				SDKROOT = iphoneos;
				SWIFT_COMPILATION_MODE = wholemodule;
				SWIFT_OPTIMIZATION_LEVEL = "-O";
				VALIDATE_PRODUCT = YES;
			};
			name = Release;
		};
		847F01C42B46355D00CAF9FF /* Debug */ = {
			isa = XCBuildConfiguration;
			buildSettings = {
				ASSETCATALOG_COMPILER_APPICON_NAME = AppIcon;
				ASSETCATALOG_COMPILER_GLOBAL_ACCENT_COLOR_NAME = AccentColor;
				CODE_SIGN_STYLE = Automatic;
				CURRENT_PROJECT_VERSION = 1;
				DEVELOPMENT_ASSET_PATHS = "\"swiftDemo/Preview Content\"";
				ENABLE_PREVIEWS = YES;
				GENERATE_INFOPLIST_FILE = YES;
				INFOPLIST_KEY_UIApplicationSceneManifest_Generation = YES;
				INFOPLIST_KEY_UIApplicationSupportsIndirectInputEvents = YES;
				INFOPLIST_KEY_UILaunchScreen_Generation = YES;
				INFOPLIST_KEY_UISupportedInterfaceOrientations_iPad = "UIInterfaceOrientationPortrait UIInterfaceOrientationPortraitUpsideDown UIInterfaceOrientationLandscapeLeft UIInterfaceOrientationLandscapeRight";
				INFOPLIST_KEY_UISupportedInterfaceOrientations_iPhone = "UIInterfaceOrientationPortrait UIInterfaceOrientationLandscapeLeft UIInterfaceOrientationLandscapeRight";
				LD_RUNPATH_SEARCH_PATHS = (
					"$(inherited)",
					"@executable_path/Frameworks",
				);
				MARKETING_VERSION = 1.0;
				PRODUCT_BUNDLE_IDENTIFIER = "com.maple-yf.swiftDemo";
				PRODUCT_NAME = "$(TARGET_NAME)";
				SWIFT_EMIT_LOC_STRINGS = YES;
				SWIFT_VERSION = 5.0;
				TARGETED_DEVICE_FAMILY = "1,2";
			};
			name = Debug;
		};
		847F01C52B46355D00CAF9FF /* Release */ = {
			isa = XCBuildConfiguration;
			buildSettings = {
				ASSETCATALOG_COMPILER_APPICON_NAME = AppIcon;
				ASSETCATALOG_COMPILER_GLOBAL_ACCENT_COLOR_NAME = AccentColor;
				CODE_SIGN_STYLE = Automatic;
				CURRENT_PROJECT_VERSION = 1;
				DEVELOPMENT_ASSET_PATHS = "\"swiftDemo/Preview Content\"";
				ENABLE_PREVIEWS = YES;
				GENERATE_INFOPLIST_FILE = YES;
				INFOPLIST_KEY_UIApplicationSceneManifest_Generation = YES;
				INFOPLIST_KEY_UIApplicationSupportsIndirectInputEvents = YES;
				INFOPLIST_KEY_UILaunchScreen_Generation = YES;
				INFOPLIST_KEY_UISupportedInterfaceOrientations_iPad = "UIInterfaceOrientationPortrait UIInterfaceOrientationPortraitUpsideDown UIInterfaceOrientationLandscapeLeft UIInterfaceOrientationLandscapeRight";
				INFOPLIST_KEY_UISupportedInterfaceOrientations_iPhone = "UIInterfaceOrientationPortrait UIInterfaceOrientationLandscapeLeft UIInterfaceOrientationLandscapeRight";
				LD_RUNPATH_SEARCH_PATHS = (
					"$(inherited)",
					"@executable_path/Frameworks",
				);
				MARKETING_VERSION = 1.0;
				PRODUCT_BUNDLE_IDENTIFIER = "com.maple-yf.swiftDemo";
				PRODUCT_NAME = "$(TARGET_NAME)";
				SWIFT_EMIT_LOC_STRINGS = YES;
				SWIFT_VERSION = 5.0;
				TARGETED_DEVICE_FAMILY = "1,2";
			};
			name = Release;
		};
		847F01C72B46355D00CAF9FF /* Debug */ = {
			isa = XCBuildConfiguration;
			buildSettings = {
				ALWAYS_EMBED_SWIFT_STANDARD_LIBRARIES = YES;
				BUNDLE_LOADER = "$(TEST_HOST)";
				CODE_SIGN_STYLE = Automatic;
				CURRENT_PROJECT_VERSION = 1;
				GENERATE_INFOPLIST_FILE = YES;
				IPHONEOS_DEPLOYMENT_TARGET = 15.5;
				MARKETING_VERSION = 1.0;
				PRODUCT_BUNDLE_IDENTIFIER = "com.maple-yf.swiftDemoTests";
				PRODUCT_NAME = "$(TARGET_NAME)";
				SWIFT_EMIT_LOC_STRINGS = NO;
				SWIFT_VERSION = 5.0;
				TARGETED_DEVICE_FAMILY = "1,2";
				TEST_HOST = "$(BUILT_PRODUCTS_DIR)/swiftDemo.app/swiftDemo";
			};
			name = Debug;
		};
		847F01C82B46355D00CAF9FF /* Release */ = {
			isa = XCBuildConfiguration;
			buildSettings = {
				ALWAYS_EMBED_SWIFT_STANDARD_LIBRARIES = YES;
				BUNDLE_LOADER = "$(TEST_HOST)";
				CODE_SIGN_STYLE = Automatic;
				CURRENT_PROJECT_VERSION = 1;
				GENERATE_INFOPLIST_FILE = YES;
				IPHONEOS_DEPLOYMENT_TARGET = 15.5;
				MARKETING_VERSION = 1.0;
				PRODUCT_BUNDLE_IDENTIFIER = "com.maple-yf.swiftDemoTests";
				PRODUCT_NAME = "$(TARGET_NAME)";
				SWIFT_EMIT_LOC_STRINGS = NO;
				SWIFT_VERSION = 5.0;
				TARGETED_DEVICE_FAMILY = "1,2";
				TEST_HOST = "$(BUILT_PRODUCTS_DIR)/swiftDemo.app/swiftDemo";
			};
			name = Release;
		};
		847F01CA2B46355D00CAF9FF /* Debug */ = {
			isa = XCBuildConfiguration;
			buildSettings = {
				ALWAYS_EMBED_SWIFT_STANDARD_LIBRARIES = YES;
				CODE_SIGN_STYLE = Automatic;
				CURRENT_PROJECT_VERSION = 1;
				GENERATE_INFOPLIST_FILE = YES;
				MARKETING_VERSION = 1.0;
				PRODUCT_BUNDLE_IDENTIFIER = "com.maple-yf.swiftDemoUITests";
				PRODUCT_NAME = "$(TARGET_NAME)";
				SWIFT_EMIT_LOC_STRINGS = NO;
				SWIFT_VERSION = 5.0;
				TARGETED_DEVICE_FAMILY = "1,2";
				TEST_TARGET_NAME = swiftDemo;
			};
			name = Debug;
		};
		847F01CB2B46355D00CAF9FF /* Release */ = {
			isa = XCBuildConfiguration;
			buildSettings = {
				ALWAYS_EMBED_SWIFT_STANDARD_LIBRARIES = YES;
				CODE_SIGN_STYLE = Automatic;
				CURRENT_PROJECT_VERSION = 1;
				GENERATE_INFOPLIST_FILE = YES;
				MARKETING_VERSION = 1.0;
				PRODUCT_BUNDLE_IDENTIFIER = "com.maple-yf.swiftDemoUITests";
				PRODUCT_NAME = "$(TARGET_NAME)";
				SWIFT_EMIT_LOC_STRINGS = NO;
				SWIFT_VERSION = 5.0;
				TARGETED_DEVICE_FAMILY = "1,2";
				TEST_TARGET_NAME = swiftDemo;
			};
			name = Release;
		};
/* End XCBuildConfiguration section */

/* Begin XCConfigurationList section */
		847F01952B46355700CAF9FF /* Build configuration list for PBXProject "swiftDemo" */ = {
			isa = XCConfigurationList;
			buildConfigurations = (
				847F01C12B46355D00CAF9FF /* Debug */,
				847F01C22B46355D00CAF9FF /* Release */,
			);
			defaultConfigurationIsVisible = 0;
			defaultConfigurationName = Release;
		};
		847F01C32B46355D00CAF9FF /* Build configuration list for PBXNativeTarget "swiftDemo" */ = {
			isa = XCConfigurationList;
			buildConfigurations = (
				847F01C42B46355D00CAF9FF /* Debug */,
				847F01C52B46355D00CAF9FF /* Release */,
			);
			defaultConfigurationIsVisible = 0;
			defaultConfigurationName = Release;
		};
		847F01C62B46355D00CAF9FF /* Build configuration list for PBXNativeTarget "swiftDemoTests" */ = {
			isa = XCConfigurationList;
			buildConfigurations = (
				847F01C72B46355D00CAF9FF /* Debug */,
				847F01C82B46355D00CAF9FF /* Release */,
			);
			defaultConfigurationIsVisible = 0;
			defaultConfigurationName = Release;
		};
		847F01C92B46355D00CAF9FF /* Build configuration list for PBXNativeTarget "swiftDemoUITests" */ = {
			isa = XCConfigurationList;
			buildConfigurations = (
				847F01CA2B46355D00CAF9FF /* Debug */,
				847F01CB2B46355D00CAF9FF /* Release */,
			);
			defaultConfigurationIsVisible = 0;
			defaultConfigurationName = Release;
		};
/* End XCConfigurationList section */

/* Begin XCVersionGroup section */
		847F01A82B46355C00CAF9FF /* swiftDemo.xcdatamodeld */ = {
			isa = XCVersionGroup;
			children = (
				847F01A92B46355C00CAF9FF /* swiftDemo.xcdatamodel */,
			);
			currentVersion = 847F01A92B46355C00CAF9FF /* swiftDemo.xcdatamodel */;
			path = swiftDemo.xcdatamodeld;
			sourceTree = "<group>";
			versionGroupType = wrapper.xcdatamodel;
		};
/* End XCVersionGroup section */
	};
	rootObject = 847F01922B46355700CAF9FF /* Project object */;
}
